// !$*UTF8*$!
{
	archiveVersion = 1;
	classes = {
	};
	objectVersion = 46;
	objects = {

/* Begin PBXFileReference section */
		E322A965E6937B9768001FA5 /* libODVM.a */ = {isa = PBXFileReference; explicitFileType = archive.ar; includeInIndex = 0; name = libODVM.a; path = libODVM.a; sourceTree = BUILT_PRODUCTS_DIR; };
/* End PBXFileReference section */

/* Begin PBXFrameworksBuildPhase section */
		8775B4552AC13D8745920A95 /* Frameworks */ = {
			isa = PBXFrameworksBuildPhase;
			buildActionMask = 2147483647;
			files = (
			);
			runOnlyForDeploymentPostprocessing = 0;
		};
/* End PBXFrameworksBuildPhase section */

/* Begin PBXGroup section */
		7BF008F6ED36B7287B28FF36 /* ODVM */ = {
			isa = PBXGroup;
			children = (
				A6C936B49B3FADE6EA134CF4 /* Products */,
			);
			name = ODVM;
			sourceTree = "<group>";
		};
		A6C936B49B3FADE6EA134CF4 /* Products */ = {
			isa = PBXGroup;
			children = (
				E322A965E6937B9768001FA5 /* libODVM.a */,
			);
			name = Products;
			sourceTree = "<group>";
		};
/* End PBXGroup section */

/* Begin PBXNativeTarget section */
		6DD868AB9C7EBC9DF5C016EB /* ODVM */ = {
			isa = PBXNativeTarget;
			buildConfigurationList = 75B0FCB418FC85E633CD52F4 /* Build configuration list for PBXNativeTarget "ODVM" */;
			buildPhases = (
				F75D34F59AA8BE27B5798B35 /* Resources */,
				610A4E4C0455D77E1F26A48C /* Sources */,
				8775B4552AC13D8745920A95 /* Frameworks */,
			);
			buildRules = (
			);
			dependencies = (
			);
			name = ODVM;
			productName = ODVM;
			productReference = E322A965E6937B9768001FA5 /* libODVM.a */;
			productType = "com.apple.product-type.library.static";
		};
/* End PBXNativeTarget section */

/* Begin PBXProject section */
		08FB7793FE84155DC02AAC07 /* Project object */ = {
			isa = PBXProject;
			buildConfigurationList = 1DEB928908733DD80010E9CD /* Build configuration list for PBXProject "ODVM" */;
			compatibilityVersion = "Xcode 3.2";
			hasScannedForEncodings = 1;
			mainGroup = 7BF008F6ED36B7287B28FF36 /* ODVM */;
			projectDirPath = "";
			projectRoot = "";
			targets = (
				6DD868AB9C7EBC9DF5C016EB /* libODVM.a */,
			);
		};
/* End PBXProject section */

/* Begin PBXResourcesBuildPhase section */
		F75D34F59AA8BE27B5798B35 /* Resources */ = {
			isa = PBXResourcesBuildPhase;
			buildActionMask = 2147483647;
			files = (
			);
			runOnlyForDeploymentPostprocessing = 0;
		};
/* End PBXResourcesBuildPhase section */

/* Begin PBXSourcesBuildPhase section */
		610A4E4C0455D77E1F26A48C /* Sources */ = {
			isa = PBXSourcesBuildPhase;
			buildActionMask = 2147483647;
			files = (
			);
			runOnlyForDeploymentPostprocessing = 0;
		};
/* End PBXSourcesBuildPhase section */

/* Begin PBXVariantGroup section */
/* End PBXVariantGroup section */

/* Begin XCBuildConfiguration section */
		21A1BF7A6A12A3ACAEB175BA /* Debug */ = {
			isa = XCBuildConfiguration;
			buildSettings = {
				ALWAYS_SEARCH_USER_PATHS = NO;
				CONFIGURATION_BUILD_DIR = "../bin/Debug-macosx-x86_64/ODVM";
				DEBUG_INFORMATION_FORMAT = "dwarf-with-dsym";
				GCC_DYNAMIC_NO_PIC = NO;
				INSTALL_PATH = /usr/local/lib;
				PRODUCT_NAME = ODVM;
			};
			name = Debug;
		};
		26C5998711B1BF79599787C7 /* Dist */ = {
			isa = XCBuildConfiguration;
			buildSettings = {
				ALWAYS_SEARCH_USER_PATHS = NO;
				CONFIGURATION_BUILD_DIR = "../bin/Dist-macosx-x86_64/ODVM";
				DEBUG_INFORMATION_FORMAT = "dwarf-with-dsym";
				GCC_DYNAMIC_NO_PIC = NO;
				INSTALL_PATH = /usr/local/lib;
				PRODUCT_NAME = ODVM;
			};
			name = Dist;
		};
		57D2A0F4800D59A667A8E734 /* Release */ = {
			isa = XCBuildConfiguration;
			buildSettings = {
				ALWAYS_SEARCH_USER_PATHS = NO;
				CONFIGURATION_BUILD_DIR = "../bin/Release-macosx-x86_64/ODVM";
				DEBUG_INFORMATION_FORMAT = "dwarf-with-dsym";
				GCC_DYNAMIC_NO_PIC = NO;
				INSTALL_PATH = /usr/local/lib;
				PRODUCT_NAME = ODVM;
			};
			name = Release;
		};
		A7B830D2541AF10412A36712 /* Dist */ = {
			isa = XCBuildConfiguration;
			buildSettings = {
				ARCHS = "$(NATIVE_ARCH_ACTUAL)";
				CLANG_CXX_LANGUAGE_STANDARD = "c++1z";
				CONFIGURATION_BUILD_DIR = "$(SYMROOT)";
				CONFIGURATION_TEMP_DIR = "$(OBJROOT)";
				GCC_OPTIMIZATION_LEVEL = 3;
				GCC_PRECOMPILE_PREFIX_HEADER = YES;
				GCC_PREFIX_HEADER = src/odvmpch.h;
				GCC_PREPROCESSOR_DEFINITIONS = (
					ODVM_DIST,
				);
				GCC_SYMBOLS_PRIVATE_EXTERN = NO;
				GCC_WARN_ABOUT_RETURN_TYPE = YES;
				GCC_WARN_UNUSED_VARIABLE = YES;
				OBJROOT = "../bin-int/Dist-macosx-x86_64/ODVM";
				ONLY_ACTIVE_ARCH = NO;
				SYMROOT = "../bin/Dist-macosx-x86_64/ODVM";
			};
			name = Dist;
		};
		B35A6DBF05E098B1D824FBFF /* Release */ = {
			isa = XCBuildConfiguration;
			buildSettings = {
				ARCHS = "$(NATIVE_ARCH_ACTUAL)";
				CLANG_CXX_LANGUAGE_STANDARD = "c++1z";
				CONFIGURATION_BUILD_DIR = "$(SYMROOT)";
				CONFIGURATION_TEMP_DIR = "$(OBJROOT)";
				GCC_OPTIMIZATION_LEVEL = 3;
				GCC_PRECOMPILE_PREFIX_HEADER = YES;
				GCC_PREFIX_HEADER = src/odvmpch.h;
				GCC_PREPROCESSOR_DEFINITIONS = (
					ODVM_RELEASE,
				);
				GCC_SYMBOLS_PRIVATE_EXTERN = NO;
				GCC_WARN_ABOUT_RETURN_TYPE = YES;
				GCC_WARN_UNUSED_VARIABLE = YES;
				OBJROOT = "../bin-int/Release-macosx-x86_64/ODVM";
				ONLY_ACTIVE_ARCH = NO;
				SYMROOT = "../bin/Release-macosx-x86_64/ODVM";
			};
			name = Release;
		};
		D7BDEE451078B4B7A00FEC85 /* Debug */ = {
			isa = XCBuildConfiguration;
			buildSettings = {
				ARCHS = "$(NATIVE_ARCH_ACTUAL)";
				CLANG_CXX_LANGUAGE_STANDARD = "c++1z";
				CONFIGURATION_BUILD_DIR = "$(SYMROOT)";
				CONFIGURATION_TEMP_DIR = "$(OBJROOT)";
				COPY_PHASE_STRIP = NO;
				GCC_ENABLE_FIX_AND_CONTINUE = YES;
				GCC_OPTIMIZATION_LEVEL = 0;
				GCC_PRECOMPILE_PREFIX_HEADER = YES;
				GCC_PREFIX_HEADER = src/odvmpch.h;
				GCC_PREPROCESSOR_DEFINITIONS = (
					ODVM_DEBUG,
				);
				GCC_SYMBOLS_PRIVATE_EXTERN = NO;
				GCC_WARN_ABOUT_RETURN_TYPE = YES;
				GCC_WARN_UNUSED_VARIABLE = YES;
				OBJROOT = "../bin-int/Debug-macosx-x86_64/ODVM";
				ONLY_ACTIVE_ARCH = YES;
				SYMROOT = "../bin/Debug-macosx-x86_64/ODVM";
			};
			name = Debug;
		};
/* End XCBuildConfiguration section */

/* Begin XCConfigurationList section */
		1DEB928908733DD80010E9CD /* Build configuration list for PBXProject "ODVM" */ = {
			isa = XCConfigurationList;
			buildConfigurations = (
				D7BDEE451078B4B7A00FEC85 /* Debug */,
				B35A6DBF05E098B1D824FBFF /* Release */,
				A7B830D2541AF10412A36712 /* Dist */,
			);
			defaultConfigurationIsVisible = 0;
			defaultConfigurationName = Debug;
		};
		75B0FCB418FC85E633CD52F4 /* Build configuration list for PBXNativeTarget "libODVM.a" */ = {
			isa = XCConfigurationList;
			buildConfigurations = (
				21A1BF7A6A12A3ACAEB175BA /* Debug */,
				57D2A0F4800D59A667A8E734 /* Release */,
				26C5998711B1BF79599787C7 /* Dist */,
			);
			defaultConfigurationIsVisible = 0;
			defaultConfigurationName = Debug;
		};
/* End XCConfigurationList section */
};
rootObject = 08FB7793FE84155DC02AAC07 /* Project object */;
}